
Microsoft Visual Studio Solution File, Format Version 12.00
# Visual Studio Version 16
VisualStudioVersion = 16.0.30011.22
MinimumVisualStudioVersion = 10.0.40219.1
Project("{FAE04EC0-301F-11D3-BF4B-00C04F79EFBC}") = "ASP.Net_MVC", "ASP.Net_MVC\ASP.Net_MVC.csproj", "{61D6C248-4A84-48C4-87F6-116859956CC2}"
EndProject
Global
	GlobalSection(SolutionConfigurationPlatforms) = preSolution
		Debug|Any CPU = Debug|Any CPU
		Release|Any CPU = Release|Any CPU
	EndGlobalSection
	GlobalSection(ProjectConfigurationPlatforms) = postSolution
		{61D6C248-4A84-48C4-87F6-116859956CC2}.Debug|Any CPU.ActiveCfg = Debug|Any CPU
		{61D6C248-4A84-48C4-87F6-116859956CC2}.Debug|Any CPU.Build.0 = Debug|Any CPU
		{61D6C248-4A84-48C4-87F6-116859956CC2}.Release|Any CPU.ActiveCfg = Release|Any CPU
		{61D6C248-4A84-48C4-87F6-116859956CC2}.Release|Any CPU.Build.0 = Release|Any CPU
	EndGlobalSection
	GlobalSection(SolutionProperties) = preSolution
		HideSolutionNode = FALSE
	EndGlobalSection
	GlobalSection(ExtensibilityGlobals) = postSolution
		SolutionGuid = {70CFC009-C766-4B0D-AA7D-5F400072620A}
	EndGlobalSection
EndGlobal
